// !$*UTF8*$!
{
	archiveVersion = 1;
	classes = {
	};
	objectVersion = 56;
	objects = {

/* Begin PBXBuildFile section */
		24084BBBED1F3A69902C6AE1 /* Pods_movie_app_movie_appUITests.framework in Frameworks */ = {isa = PBXBuildFile; fileRef = DC6C84CD714760EAB57D9A56 /* Pods_movie_app_movie_appUITests.framework */; };
		4468F64E84A3880C98F1C997 /* Pods_movie_app.framework in Frameworks */ = {isa = PBXBuildFile; fileRef = 90DD9388B5ED27B98556BB54 /* Pods_movie_app.framework */; };
		63DEC281DF675FFC0421F4A2 /* Pods_movie_appTests.framework in Frameworks */ = {isa = PBXBuildFile; fileRef = 4D83146CA83960E7BA6277A6 /* Pods_movie_appTests.framework */; };
		B83BA7EC28DEFF410072D79A /* AppDelegate.swift in Sources */ = {isa = PBXBuildFile; fileRef = B83BA7EB28DEFF410072D79A /* AppDelegate.swift */; };
		B83BA7EE28DEFF410072D79A /* SceneDelegate.swift in Sources */ = {isa = PBXBuildFile; fileRef = B83BA7ED28DEFF410072D79A /* SceneDelegate.swift */; };
		B83BA7F028DEFF410072D79A /* ViewController.swift in Sources */ = {isa = PBXBuildFile; fileRef = B83BA7EF28DEFF410072D79A /* ViewController.swift */; };
		B83BA7F328DEFF410072D79A /* Main.storyboard in Resources */ = {isa = PBXBuildFile; fileRef = B83BA7F128DEFF410072D79A /* Main.storyboard */; };
		B83BA7F528DEFF430072D79A /* Assets.xcassets in Resources */ = {isa = PBXBuildFile; fileRef = B83BA7F428DEFF430072D79A /* Assets.xcassets */; };
		B83BA7F828DEFF430072D79A /* LaunchScreen.storyboard in Resources */ = {isa = PBXBuildFile; fileRef = B83BA7F628DEFF430072D79A /* LaunchScreen.storyboard */; };
		B83BA80328DEFF430072D79A /* movie_appTests.swift in Sources */ = {isa = PBXBuildFile; fileRef = B83BA80228DEFF430072D79A /* movie_appTests.swift */; };
		B83BA80D28DEFF430072D79A /* movie_appUITests.swift in Sources */ = {isa = PBXBuildFile; fileRef = B83BA80C28DEFF430072D79A /* movie_appUITests.swift */; };
		B83BA80F28DEFF430072D79A /* movie_appUITestsLaunchTests.swift in Sources */ = {isa = PBXBuildFile; fileRef = B83BA80E28DEFF430072D79A /* movie_appUITestsLaunchTests.swift */; };
/* End PBXBuildFile section */

/* Begin PBXContainerItemProxy section */
		B83BA7FF28DEFF430072D79A /* PBXContainerItemProxy */ = {
			isa = PBXContainerItemProxy;
			containerPortal = B83BA7E028DEFF410072D79A /* Project object */;
			proxyType = 1;
			remoteGlobalIDString = B83BA7E728DEFF410072D79A;
			remoteInfo = "movie app";
		};
		B83BA80928DEFF430072D79A /* PBXContainerItemProxy */ = {
			isa = PBXContainerItemProxy;
			containerPortal = B83BA7E028DEFF410072D79A /* Project object */;
			proxyType = 1;
			remoteGlobalIDString = B83BA7E728DEFF410072D79A;
			remoteInfo = "movie app";
		};
/* End PBXContainerItemProxy section */

/* Begin PBXFileReference section */
		4D83146CA83960E7BA6277A6 /* Pods_movie_appTests.framework */ = {isa = PBXFileReference; explicitFileType = wrapper.framework; includeInIndex = 0; path = Pods_movie_appTests.framework; sourceTree = BUILT_PRODUCTS_DIR; };
		55367FF8D5D86148E53B3A2D /* Pods-movie app-movie appUITests.debug.xcconfig */ = {isa = PBXFileReference; includeInIndex = 1; lastKnownFileType = text.xcconfig; name = "Pods-movie app-movie appUITests.debug.xcconfig"; path = "Target Support Files/Pods-movie app-movie appUITests/Pods-movie app-movie appUITests.debug.xcconfig"; sourceTree = "<group>"; };
		62825B17E4000D47DFE60643 /* Pods-movie app.debug.xcconfig */ = {isa = PBXFileReference; includeInIndex = 1; lastKnownFileType = text.xcconfig; name = "Pods-movie app.debug.xcconfig"; path = "Target Support Files/Pods-movie app/Pods-movie app.debug.xcconfig"; sourceTree = "<group>"; };
		6E80346E547D87CAA8A0246E /* Pods-movie app-movie appUITests.release.xcconfig */ = {isa = PBXFileReference; includeInIndex = 1; lastKnownFileType = text.xcconfig; name = "Pods-movie app-movie appUITests.release.xcconfig"; path = "Target Support Files/Pods-movie app-movie appUITests/Pods-movie app-movie appUITests.release.xcconfig"; sourceTree = "<group>"; };
		90DD9388B5ED27B98556BB54 /* Pods_movie_app.framework */ = {isa = PBXFileReference; explicitFileType = wrapper.framework; includeInIndex = 0; path = Pods_movie_app.framework; sourceTree = BUILT_PRODUCTS_DIR; };
		B83BA7E828DEFF410072D79A /* movie app.app */ = {isa = PBXFileReference; explicitFileType = wrapper.application; includeInIndex = 0; path = "movie app.app"; sourceTree = BUILT_PRODUCTS_DIR; };
		B83BA7EB28DEFF410072D79A /* AppDelegate.swift */ = {isa = PBXFileReference; lastKnownFileType = sourcecode.swift; path = AppDelegate.swift; sourceTree = "<group>"; };
		B83BA7ED28DEFF410072D79A /* SceneDelegate.swift */ = {isa = PBXFileReference; lastKnownFileType = sourcecode.swift; path = SceneDelegate.swift; sourceTree = "<group>"; };
		B83BA7EF28DEFF410072D79A /* ViewController.swift */ = {isa = PBXFileReference; lastKnownFileType = sourcecode.swift; path = ViewController.swift; sourceTree = "<group>"; };
		B83BA7F228DEFF410072D79A /* Base */ = {isa = PBXFileReference; lastKnownFileType = file.storyboard; name = Base; path = Base.lproj/Main.storyboard; sourceTree = "<group>"; };
		B83BA7F428DEFF430072D79A /* Assets.xcassets */ = {isa = PBXFileReference; lastKnownFileType = folder.assetcatalog; path = Assets.xcassets; sourceTree = "<group>"; };
		B83BA7F728DEFF430072D79A /* Base */ = {isa = PBXFileReference; lastKnownFileType = file.storyboard; name = Base; path = Base.lproj/LaunchScreen.storyboard; sourceTree = "<group>"; };
		B83BA7F928DEFF430072D79A /* Info.plist */ = {isa = PBXFileReference; lastKnownFileType = text.plist.xml; path = Info.plist; sourceTree = "<group>"; };
		B83BA7FE28DEFF430072D79A /* movie appTests.xctest */ = {isa = PBXFileReference; explicitFileType = wrapper.cfbundle; includeInIndex = 0; path = "movie appTests.xctest"; sourceTree = BUILT_PRODUCTS_DIR; };
		B83BA80228DEFF430072D79A /* movie_appTests.swift */ = {isa = PBXFileReference; lastKnownFileType = sourcecode.swift; path = movie_appTests.swift; sourceTree = "<group>"; };
		B83BA80828DEFF430072D79A /* movie appUITests.xctest */ = {isa = PBXFileReference; explicitFileType = wrapper.cfbundle; includeInIndex = 0; path = "movie appUITests.xctest"; sourceTree = BUILT_PRODUCTS_DIR; };
		B83BA80C28DEFF430072D79A /* movie_appUITests.swift */ = {isa = PBXFileReference; lastKnownFileType = sourcecode.swift; path = movie_appUITests.swift; sourceTree = "<group>"; };
		B83BA80E28DEFF430072D79A /* movie_appUITestsLaunchTests.swift */ = {isa = PBXFileReference; lastKnownFileType = sourcecode.swift; path = movie_appUITestsLaunchTests.swift; sourceTree = "<group>"; };
		C5CF0C28752897E0F8D75A3F /* Pods-movie appTests.debug.xcconfig */ = {isa = PBXFileReference; includeInIndex = 1; lastKnownFileType = text.xcconfig; name = "Pods-movie appTests.debug.xcconfig"; path = "Target Support Files/Pods-movie appTests/Pods-movie appTests.debug.xcconfig"; sourceTree = "<group>"; };
		DC6C84CD714760EAB57D9A56 /* Pods_movie_app_movie_appUITests.framework */ = {isa = PBXFileReference; explicitFileType = wrapper.framework; includeInIndex = 0; path = Pods_movie_app_movie_appUITests.framework; sourceTree = BUILT_PRODUCTS_DIR; };
		E3AC33D87E5A3723019DE65C /* Pods-movie appTests.release.xcconfig */ = {isa = PBXFileReference; includeInIndex = 1; lastKnownFileType = text.xcconfig; name = "Pods-movie appTests.release.xcconfig"; path = "Target Support Files/Pods-movie appTests/Pods-movie appTests.release.xcconfig"; sourceTree = "<group>"; };
		E664BD9EC5ACEE0E1D326F46 /* Pods-movie app.release.xcconfig */ = {isa = PBXFileReference; includeInIndex = 1; lastKnownFileType = text.xcconfig; name = "Pods-movie app.release.xcconfig"; path = "Target Support Files/Pods-movie app/Pods-movie app.release.xcconfig"; sourceTree = "<group>"; };
/* End PBXFileReference section */

/* Begin PBXFrameworksBuildPhase section */
		B83BA7E528DEFF410072D79A /* Frameworks */ = {
			isa = PBXFrameworksBuildPhase;
			buildActionMask = 2147483647;
			files = (
				4468F64E84A3880C98F1C997 /* Pods_movie_app.framework in Frameworks */,
			);
			runOnlyForDeploymentPostprocessing = 0;
		};
		B83BA7FB28DEFF430072D79A /* Frameworks */ = {
			isa = PBXFrameworksBuildPhase;
			buildActionMask = 2147483647;
			files = (
				63DEC281DF675FFC0421F4A2 /* Pods_movie_appTests.framework in Frameworks */,
			);
			runOnlyForDeploymentPostprocessing = 0;
		};
		B83BA80528DEFF430072D79A /* Frameworks */ = {
			isa = PBXFrameworksBuildPhase;
			buildActionMask = 2147483647;
			files = (
				24084BBBED1F3A69902C6AE1 /* Pods_movie_app_movie_appUITests.framework in Frameworks */,
			);
			runOnlyForDeploymentPostprocessing = 0;
		};
/* End PBXFrameworksBuildPhase section */

/* Begin PBXGroup section */
		70D65661CA165196E30F2320 /* Frameworks */ = {
			isa = PBXGroup;
			children = (
				90DD9388B5ED27B98556BB54 /* Pods_movie_app.framework */,
				DC6C84CD714760EAB57D9A56 /* Pods_movie_app_movie_appUITests.framework */,
				4D83146CA83960E7BA6277A6 /* Pods_movie_appTests.framework */,
			);
			name = Frameworks;
			sourceTree = "<group>";
		};
		7A16454619EB4B933D7C3490 /* Pods */ = {
			isa = PBXGroup;
			children = (
				62825B17E4000D47DFE60643 /* Pods-movie app.debug.xcconfig */,
				E664BD9EC5ACEE0E1D326F46 /* Pods-movie app.release.xcconfig */,
				55367FF8D5D86148E53B3A2D /* Pods-movie app-movie appUITests.debug.xcconfig */,
				6E80346E547D87CAA8A0246E /* Pods-movie app-movie appUITests.release.xcconfig */,
				C5CF0C28752897E0F8D75A3F /* Pods-movie appTests.debug.xcconfig */,
				E3AC33D87E5A3723019DE65C /* Pods-movie appTests.release.xcconfig */,
			);
			name = Pods;
			path = Pods;
			sourceTree = "<group>";
		};
		B83BA7DF28DEFF410072D79A = {
			isa = PBXGroup;
			children = (
				B83BA7EA28DEFF410072D79A /* movie app */,
				B83BA80128DEFF430072D79A /* movie appTests */,
				B83BA80B28DEFF430072D79A /* movie appUITests */,
				B83BA7E928DEFF410072D79A /* Products */,
				7A16454619EB4B933D7C3490 /* Pods */,
				70D65661CA165196E30F2320 /* Frameworks */,
			);
			sourceTree = "<group>";
		};
		B83BA7E928DEFF410072D79A /* Products */ = {
			isa = PBXGroup;
			children = (
				B83BA7E828DEFF410072D79A /* movie app.app */,
				B83BA7FE28DEFF430072D79A /* movie appTests.xctest */,
				B83BA80828DEFF430072D79A /* movie appUITests.xctest */,
			);
			name = Products;
			sourceTree = "<group>";
		};
		B83BA7EA28DEFF410072D79A /* movie app */ = {
			isa = PBXGroup;
			children = (
				B83BA7EB28DEFF410072D79A /* AppDelegate.swift */,
				B83BA7ED28DEFF410072D79A /* SceneDelegate.swift */,
				B83BA7EF28DEFF410072D79A /* ViewController.swift */,
				B83BA7F128DEFF410072D79A /* Main.storyboard */,
				B83BA7F428DEFF430072D79A /* Assets.xcassets */,
				B83BA7F628DEFF430072D79A /* LaunchScreen.storyboard */,
				B83BA7F928DEFF430072D79A /* Info.plist */,
			);
			path = "movie app";
			sourceTree = "<group>";
		};
		B83BA80128DEFF430072D79A /* movie appTests */ = {
			isa = PBXGroup;
			children = (
				B83BA80228DEFF430072D79A /* movie_appTests.swift */,
			);
			path = "movie appTests";
			sourceTree = "<group>";
		};
		B83BA80B28DEFF430072D79A /* movie appUITests */ = {
			isa = PBXGroup;
			children = (
				B83BA80C28DEFF430072D79A /* movie_appUITests.swift */,
				B83BA80E28DEFF430072D79A /* movie_appUITestsLaunchTests.swift */,
			);
			path = "movie appUITests";
			sourceTree = "<group>";
		};
/* End PBXGroup section */

/* Begin PBXNativeTarget section */
		B83BA7E728DEFF410072D79A /* movie app */ = {
			isa = PBXNativeTarget;
			buildConfigurationList = B83BA81228DEFF430072D79A /* Build configuration list for PBXNativeTarget "movie app" */;
			buildPhases = (
				85417B49409D885016952120 /* [CP] Check Pods Manifest.lock */,
				B83BA7E428DEFF410072D79A /* Sources */,
				B83BA7E528DEFF410072D79A /* Frameworks */,
				B83BA7E628DEFF410072D79A /* Resources */,
				C638908511C2BAC242B8FE33 /* [CP] Embed Pods Frameworks */,
			);
			buildRules = (
			);
			dependencies = (
			);
			name = "movie app";
			productName = "movie app";
			productReference = B83BA7E828DEFF410072D79A /* movie app.app */;
			productType = "com.apple.product-type.application";
		};
		B83BA7FD28DEFF430072D79A /* movie appTests */ = {
			isa = PBXNativeTarget;
			buildConfigurationList = B83BA81528DEFF430072D79A /* Build configuration list for PBXNativeTarget "movie appTests" */;
			buildPhases = (
				0F08B138E2438215EBE1B3C8 /* [CP] Check Pods Manifest.lock */,
				B83BA7FA28DEFF430072D79A /* Sources */,
				B83BA7FB28DEFF430072D79A /* Frameworks */,
				B83BA7FC28DEFF430072D79A /* Resources */,
			);
			buildRules = (
			);
			dependencies = (
				B83BA80028DEFF430072D79A /* PBXTargetDependency */,
			);
			name = "movie appTests";
			productName = "movie appTests";
			productReference = B83BA7FE28DEFF430072D79A /* movie appTests.xctest */;
			productType = "com.apple.product-type.bundle.unit-test";
		};
		B83BA80728DEFF430072D79A /* movie appUITests */ = {
			isa = PBXNativeTarget;
			buildConfigurationList = B83BA81828DEFF430072D79A /* Build configuration list for PBXNativeTarget "movie appUITests" */;
			buildPhases = (
				2A80138F92681EB6500C307B /* [CP] Check Pods Manifest.lock */,
				B83BA80428DEFF430072D79A /* Sources */,
				B83BA80528DEFF430072D79A /* Frameworks */,
				B83BA80628DEFF430072D79A /* Resources */,
				55A1F952733B03729D87EAFA /* [CP] Embed Pods Frameworks */,
			);
			buildRules = (
			);
			dependencies = (
				B83BA80A28DEFF430072D79A /* PBXTargetDependency */,
			);
			name = "movie appUITests";
			productName = "movie appUITests";
			productReference = B83BA80828DEFF430072D79A /* movie appUITests.xctest */;
			productType = "com.apple.product-type.bundle.ui-testing";
		};
/* End PBXNativeTarget section */

/* Begin PBXProject section */
		B83BA7E028DEFF410072D79A /* Project object */ = {
			isa = PBXProject;
			attributes = {
				BuildIndependentTargetsInParallel = 1;
				LastSwiftUpdateCheck = 1400;
				LastUpgradeCheck = 1400;
				TargetAttributes = {
					B83BA7E728DEFF410072D79A = {
						CreatedOnToolsVersion = 14.0;
					};
					B83BA7FD28DEFF430072D79A = {
						CreatedOnToolsVersion = 14.0;
						TestTargetID = B83BA7E728DEFF410072D79A;
					};
					B83BA80728DEFF430072D79A = {
						CreatedOnToolsVersion = 14.0;
						TestTargetID = B83BA7E728DEFF410072D79A;
					};
				};
			};
			buildConfigurationList = B83BA7E328DEFF410072D79A /* Build configuration list for PBXProject "movie app" */;
			compatibilityVersion = "Xcode 14.0";
			developmentRegion = en;
			hasScannedForEncodings = 0;
			knownRegions = (
				en,
				Base,
			);
			mainGroup = B83BA7DF28DEFF410072D79A;
			productRefGroup = B83BA7E928DEFF410072D79A /* Products */;
			projectDirPath = "";
			projectRoot = "";
			targets = (
				B83BA7E728DEFF410072D79A /* movie app */,
				B83BA7FD28DEFF430072D79A /* movie appTests */,
				B83BA80728DEFF430072D79A /* movie appUITests */,
			);
		};
/* End PBXProject section */

/* Begin PBXResourcesBuildPhase section */
		B83BA7E628DEFF410072D79A /* Resources */ = {
			isa = PBXResourcesBuildPhase;
			buildActionMask = 2147483647;
			files = (
				B83BA7F828DEFF430072D79A /* LaunchScreen.storyboard in Resources */,
				B83BA7F528DEFF430072D79A /* Assets.xcassets in Resources */,
				B83BA7F328DEFF410072D79A /* Main.storyboard in Resources */,
			);
			runOnlyForDeploymentPostprocessing = 0;
		};
		B83BA7FC28DEFF430072D79A /* Resources */ = {
			isa = PBXResourcesBuildPhase;
			buildActionMask = 2147483647;
			files = (
			);
			runOnlyForDeploymentPostprocessing = 0;
		};
		B83BA80628DEFF430072D79A /* Resources */ = {
			isa = PBXResourcesBuildPhase;
			buildActionMask = 2147483647;
			files = (
			);
			runOnlyForDeploymentPostprocessing = 0;
		};
/* End PBXResourcesBuildPhase section */

/* Begin PBXShellScriptBuildPhase section */
		0F08B138E2438215EBE1B3C8 /* [CP] Check Pods Manifest.lock */ = {
			isa = PBXShellScriptBuildPhase;
			buildActionMask = 2147483647;
			files = (
			);
			inputFileListPaths = (
			);
			inputPaths = (
				"${PODS_PODFILE_DIR_PATH}/Podfile.lock",
				"${PODS_ROOT}/Manifest.lock",
			);
			name = "[CP] Check Pods Manifest.lock";
			outputFileListPaths = (
			);
			outputPaths = (
				"$(DERIVED_FILE_DIR)/Pods-movie appTests-checkManifestLockResult.txt",
			);
			runOnlyForDeploymentPostprocessing = 0;
			shellPath = /bin/sh;
			shellScript = "diff \"${PODS_PODFILE_DIR_PATH}/Podfile.lock\" \"${PODS_ROOT}/Manifest.lock\" > /dev/null\nif [ $? != 0 ] ; then\n    # print error to STDERR\n    echo \"error: The sandbox is not in sync with the Podfile.lock. Run 'pod install' or update your CocoaPods installation.\" >&2\n    exit 1\nfi\n# This output is used by Xcode 'outputs' to avoid re-running this script phase.\necho \"SUCCESS\" > \"${SCRIPT_OUTPUT_FILE_0}\"\n";
			showEnvVarsInLog = 0;
		};
		2A80138F92681EB6500C307B /* [CP] Check Pods Manifest.lock */ = {
			isa = PBXShellScriptBuildPhase;
			buildActionMask = 2147483647;
			files = (
			);
			inputFileListPaths = (
			);
			inputPaths = (
				"${PODS_PODFILE_DIR_PATH}/Podfile.lock",
				"${PODS_ROOT}/Manifest.lock",
			);
			name = "[CP] Check Pods Manifest.lock";
			outputFileListPaths = (
			);
			outputPaths = (
				"$(DERIVED_FILE_DIR)/Pods-movie app-movie appUITests-checkManifestLockResult.txt",
			);
			runOnlyForDeploymentPostprocessing = 0;
			shellPath = /bin/sh;
			shellScript = "diff \"${PODS_PODFILE_DIR_PATH}/Podfile.lock\" \"${PODS_ROOT}/Manifest.lock\" > /dev/null\nif [ $? != 0 ] ; then\n    # print error to STDERR\n    echo \"error: The sandbox is not in sync with the Podfile.lock. Run 'pod install' or update your CocoaPods installation.\" >&2\n    exit 1\nfi\n# This output is used by Xcode 'outputs' to avoid re-running this script phase.\necho \"SUCCESS\" > \"${SCRIPT_OUTPUT_FILE_0}\"\n";
			showEnvVarsInLog = 0;
		};
		55A1F952733B03729D87EAFA /* [CP] Embed Pods Frameworks */ = {
			isa = PBXShellScriptBuildPhase;
			buildActionMask = 2147483647;
			files = (
			);
			inputFileListPaths = (
				"${PODS_ROOT}/Target Support Files/Pods-movie app-movie appUITests/Pods-movie app-movie appUITests-frameworks-${CONFIGURATION}-input-files.xcfilelist",
			);
			name = "[CP] Embed Pods Frameworks";
			outputFileListPaths = (
				"${PODS_ROOT}/Target Support Files/Pods-movie app-movie appUITests/Pods-movie app-movie appUITests-frameworks-${CONFIGURATION}-output-files.xcfilelist",
			);
			runOnlyForDeploymentPostprocessing = 0;
			shellPath = /bin/sh;
			shellScript = "\"${PODS_ROOT}/Target Support Files/Pods-movie app-movie appUITests/Pods-movie app-movie appUITests-frameworks.sh\"\n";
			showEnvVarsInLog = 0;
		};
		85417B49409D885016952120 /* [CP] Check Pods Manifest.lock */ = {
			isa = PBXShellScriptBuildPhase;
			buildActionMask = 2147483647;
			files = (
			);
			inputFileListPaths = (
			);
			inputPaths = (
				"${PODS_PODFILE_DIR_PATH}/Podfile.lock",
				"${PODS_ROOT}/Manifest.lock",
			);
			name = "[CP] Check Pods Manifest.lock";
			outputFileListPaths = (
			);
			outputPaths = (
				"$(DERIVED_FILE_DIR)/Pods-movie app-checkManifestLockResult.txt",
			);
			runOnlyForDeploymentPostprocessing = 0;
			shellPath = /bin/sh;
			shellScript = "diff \"${PODS_PODFILE_DIR_PATH}/Podfile.lock\" \"${PODS_ROOT}/Manifest.lock\" > /dev/null\nif [ $? != 0 ] ; then\n    # print error to STDERR\n    echo \"error: The sandbox is not in sync with the Podfile.lock. Run 'pod install' or update your CocoaPods installation.\" >&2\n    exit 1\nfi\n# This output is used by Xcode 'outputs' to avoid re-running this script phase.\necho \"SUCCESS\" > \"${SCRIPT_OUTPUT_FILE_0}\"\n";
			showEnvVarsInLog = 0;
		};
		C638908511C2BAC242B8FE33 /* [CP] Embed Pods Frameworks */ = {
			isa = PBXShellScriptBuildPhase;
			buildActionMask = 2147483647;
			files = (
			);
			inputFileListPaths = (
				"${PODS_ROOT}/Target Support Files/Pods-movie app/Pods-movie app-frameworks-${CONFIGURATION}-input-files.xcfilelist",
			);
			name = "[CP] Embed Pods Frameworks";
			outputFileListPaths = (
				"${PODS_ROOT}/Target Support Files/Pods-movie app/Pods-movie app-frameworks-${CONFIGURATION}-output-files.xcfilelist",
			);
			runOnlyForDeploymentPostprocessing = 0;
			shellPath = /bin/sh;
			shellScript = "\"${PODS_ROOT}/Target Support Files/Pods-movie app/Pods-movie app-frameworks.sh\"\n";
			showEnvVarsInLog = 0;
		};
/* End PBXShellScriptBuildPhase section */

/* Begin PBXSourcesBuildPhase section */
		B83BA7E428DEFF410072D79A /* Sources */ = {
			isa = PBXSourcesBuildPhase;
			buildActionMask = 2147483647;
			files = (
				B83BA7F028DEFF410072D79A /* ViewController.swift in Sources */,
				B83BA7EC28DEFF410072D79A /* AppDelegate.swift in Sources */,
				B83BA7EE28DEFF410072D79A /* SceneDelegate.swift in Sources */,
			);
			runOnlyForDeploymentPostprocessing = 0;
		};
		B83BA7FA28DEFF430072D79A /* Sources */ = {
			isa = PBXSourcesBuildPhase;
			buildActionMask = 2147483647;
			files = (
				B83BA80328DEFF430072D79A /* movie_appTests.swift in Sources */,
			);
			runOnlyForDeploymentPostprocessing = 0;
		};
		B83BA80428DEFF430072D79A /* Sources */ = {
			isa = PBXSourcesBuildPhase;
			buildActionMask = 2147483647;
			files = (
				B83BA80D28DEFF430072D79A /* movie_appUITests.swift in Sources */,
				B83BA80F28DEFF430072D79A /* movie_appUITestsLaunchTests.swift in Sources */,
			);
			runOnlyForDeploymentPostprocessing = 0;
		};
/* End PBXSourcesBuildPhase section */

/* Begin PBXTargetDependency section */
		B83BA80028DEFF430072D79A /* PBXTargetDependency */ = {
			isa = PBXTargetDependency;
			target = B83BA7E728DEFF410072D79A /* movie app */;
			targetProxy = B83BA7FF28DEFF430072D79A /* PBXContainerItemProxy */;
		};
		B83BA80A28DEFF430072D79A /* PBXTargetDependency */ = {
			isa = PBXTargetDependency;
			target = B83BA7E728DEFF410072D79A /* movie app */;
			targetProxy = B83BA80928DEFF430072D79A /* PBXContainerItemProxy */;
		};
/* End PBXTargetDependency section */

/* Begin PBXVariantGroup section */
		B83BA7F128DEFF410072D79A /* Main.storyboard */ = {
			isa = PBXVariantGroup;
			children = (
				B83BA7F228DEFF410072D79A /* Base */,
			);
			name = Main.storyboard;
			sourceTree = "<group>";
		};
		B83BA7F628DEFF430072D79A /* LaunchScreen.storyboard */ = {
			isa = PBXVariantGroup;
			children = (
				B83BA7F728DEFF430072D79A /* Base */,
			);
			name = LaunchScreen.storyboard;
			sourceTree = "<group>";
		};
/* End PBXVariantGroup section */

/* Begin XCBuildConfiguration section */
		B83BA81028DEFF430072D79A /* Debug */ = {
			isa = XCBuildConfiguration;
			buildSettings = {
				ALWAYS_SEARCH_USER_PATHS = NO;
				CLANG_ANALYZER_NONNULL = YES;
				CLANG_ANALYZER_NUMBER_OBJECT_CONVERSION = YES_AGGRESSIVE;
				CLANG_CXX_LANGUAGE_STANDARD = "gnu++20";
				CLANG_ENABLE_MODULES = YES;
				CLANG_ENABLE_OBJC_ARC = YES;
				CLANG_ENABLE_OBJC_WEAK = YES;
				CLANG_WARN_BLOCK_CAPTURE_AUTORELEASING = YES;
				CLANG_WARN_BOOL_CONVERSION = YES;
				CLANG_WARN_COMMA = YES;
				CLANG_WARN_CONSTANT_CONVERSION = YES;
				CLANG_WARN_DEPRECATED_OBJC_IMPLEMENTATIONS = YES;
				CLANG_WARN_DIRECT_OBJC_ISA_USAGE = YES_ERROR;
				CLANG_WARN_DOCUMENTATION_COMMENTS = YES;
				CLANG_WARN_EMPTY_BODY = YES;
				CLANG_WARN_ENUM_CONVERSION = YES;
				CLANG_WARN_INFINITE_RECURSION = YES;
				CLANG_WARN_INT_CONVERSION = YES;
				CLANG_WARN_NON_LITERAL_NULL_CONVERSION = YES;
				CLANG_WARN_OBJC_IMPLICIT_RETAIN_SELF = YES;
				CLANG_WARN_OBJC_LITERAL_CONVERSION = YES;
				CLANG_WARN_OBJC_ROOT_CLASS = YES_ERROR;
				CLANG_WARN_QUOTED_INCLUDE_IN_FRAMEWORK_HEADER = YES;
				CLANG_WARN_RANGE_LOOP_ANALYSIS = YES;
				CLANG_WARN_STRICT_PROTOTYPES = YES;
				CLANG_WARN_SUSPICIOUS_MOVE = YES;
				CLANG_WARN_UNGUARDED_AVAILABILITY = YES_AGGRESSIVE;
				CLANG_WARN_UNREACHABLE_CODE = YES;
				CLANG_WARN__DUPLICATE_METHOD_MATCH = YES;
				COPY_PHASE_STRIP = NO;
				DEBUG_INFORMATION_FORMAT = dwarf;
				ENABLE_STRICT_OBJC_MSGSEND = YES;
				ENABLE_TESTABILITY = YES;
				GCC_C_LANGUAGE_STANDARD = gnu11;
				GCC_DYNAMIC_NO_PIC = NO;
				GCC_NO_COMMON_BLOCKS = YES;
				GCC_OPTIMIZATION_LEVEL = 0;
				GCC_PREPROCESSOR_DEFINITIONS = (
					"DEBUG=1",
					"$(inherited)",
				);
				GCC_WARN_64_TO_32_BIT_CONVERSION = YES;
				GCC_WARN_ABOUT_RETURN_TYPE = YES_ERROR;
				GCC_WARN_UNDECLARED_SELECTOR = YES;
				GCC_WARN_UNINITIALIZED_AUTOS = YES_AGGRESSIVE;
				GCC_WARN_UNUSED_FUNCTION = YES;
				GCC_WARN_UNUSED_VARIABLE = YES;
				IPHONEOS_DEPLOYMENT_TARGET = 16.0;
				MTL_ENABLE_DEBUG_INFO = INCLUDE_SOURCE;
				MTL_FAST_MATH = YES;
				ONLY_ACTIVE_ARCH = YES;
				SDKROOT = iphoneos;
				SWIFT_ACTIVE_COMPILATION_CONDITIONS = DEBUG;
				SWIFT_OPTIMIZATION_LEVEL = "-Onone";
			};
			name = Debug;
		};
		B83BA81128DEFF430072D79A /* Release */ = {
			isa = XCBuildConfiguration;
			buildSettings = {
				ALWAYS_SEARCH_USER_PATHS = NO;
				CLANG_ANALYZER_NONNULL = YES;
				CLANG_ANALYZER_NUMBER_OBJECT_CONVERSION = YES_AGGRESSIVE;
				CLANG_CXX_LANGUAGE_STANDARD = "gnu++20";
				CLANG_ENABLE_MODULES = YES;
				CLANG_ENABLE_OBJC_ARC = YES;
				CLANG_ENABLE_OBJC_WEAK = YES;
				CLANG_WARN_BLOCK_CAPTURE_AUTORELEASING = YES;
				CLANG_WARN_BOOL_CONVERSION = YES;
				CLANG_WARN_COMMA = YES;
				CLANG_WARN_CONSTANT_CONVERSION = YES;
				CLANG_WARN_DEPRECATED_OBJC_IMPLEMENTATIONS = YES;
				CLANG_WARN_DIRECT_OBJC_ISA_USAGE = YES_ERROR;
				CLANG_WARN_DOCUMENTATION_COMMENTS = YES;
				CLANG_WARN_EMPTY_BODY = YES;
				CLANG_WARN_ENUM_CONVERSION = YES;
				CLANG_WARN_INFINITE_RECURSION = YES;
				CLANG_WARN_INT_CONVERSION = YES;
				CLANG_WARN_NON_LITERAL_NULL_CONVERSION = YES;
				CLANG_WARN_OBJC_IMPLICIT_RETAIN_SELF = YES;
				CLANG_WARN_OBJC_LITERAL_CONVERSION = YES;
				CLANG_WARN_OBJC_ROOT_CLASS = YES_ERROR;
				CLANG_WARN_QUOTED_INCLUDE_IN_FRAMEWORK_HEADER = YES;
				CLANG_WARN_RANGE_LOOP_ANALYSIS = YES;
				CLANG_WARN_STRICT_PROTOTYPES = YES;
				CLANG_WARN_SUSPICIOUS_MOVE = YES;
				CLANG_WARN_UNGUARDED_AVAILABILITY = YES_AGGRESSIVE;
				CLANG_WARN_UNREACHABLE_CODE = YES;
				CLANG_WARN__DUPLICATE_METHOD_MATCH = YES;
				COPY_PHASE_STRIP = NO;
				DEBUG_INFORMATION_FORMAT = "dwarf-with-dsym";
				ENABLE_NS_ASSERTIONS = NO;
				ENABLE_STRICT_OBJC_MSGSEND = YES;
				GCC_C_LANGUAGE_STANDARD = gnu11;
				GCC_NO_COMMON_BLOCKS = YES;
				GCC_WARN_64_TO_32_BIT_CONVERSION = YES;
				GCC_WARN_ABOUT_RETURN_TYPE = YES_ERROR;
				GCC_WARN_UNDECLARED_SELECTOR = YES;
				GCC_WARN_UNINITIALIZED_AUTOS = YES_AGGRESSIVE;
				GCC_WARN_UNUSED_FUNCTION = YES;
				GCC_WARN_UNUSED_VARIABLE = YES;
				IPHONEOS_DEPLOYMENT_TARGET = 16.0;
				MTL_ENABLE_DEBUG_INFO = NO;
				MTL_FAST_MATH = YES;
				SDKROOT = iphoneos;
				SWIFT_COMPILATION_MODE = wholemodule;
				SWIFT_OPTIMIZATION_LEVEL = "-O";
				VALIDATE_PRODUCT = YES;
			};
			name = Release;
		};
		B83BA81328DEFF430072D79A /* Debug */ = {
			isa = XCBuildConfiguration;
			baseConfigurationReference = 62825B17E4000D47DFE60643 /* Pods-movie app.debug.xcconfig */;
			buildSettings = {
				ASSETCATALOG_COMPILER_APPICON_NAME = AppIcon;
				ASSETCATALOG_COMPILER_GLOBAL_ACCENT_COLOR_NAME = AccentColor;
				CODE_SIGN_STYLE = Automatic;
				CURRENT_PROJECT_VERSION = 1;
				DEVELOPMENT_TEAM = DBD2357J7Z;
				GENERATE_INFOPLIST_FILE = YES;
				INFOPLIST_FILE = "movie app/Info.plist";
				INFOPLIST_KEY_UIApplicationSupportsIndirectInputEvents = YES;
				INFOPLIST_KEY_UILaunchStoryboardName = LaunchScreen;
				INFOPLIST_KEY_UIMainStoryboardFile = Main;
				INFOPLIST_KEY_UISupportedInterfaceOrientations_iPad = "UIInterfaceOrientationPortrait UIInterfaceOrientationPortraitUpsideDown UIInterfaceOrientationLandscapeLeft UIInterfaceOrientationLandscapeRight";
				INFOPLIST_KEY_UISupportedInterfaceOrientations_iPhone = "UIInterfaceOrientationPortrait UIInterfaceOrientationLandscapeLeft UIInterfaceOrientationLandscapeRight";
				LD_RUNPATH_SEARCH_PATHS = (
					"$(inherited)",
					"@executable_path/Frameworks",
				);
				MARKETING_VERSION = 1.0;
				PRODUCT_BUNDLE_IDENTIFIER = "com.bagas.movie-app";
				PRODUCT_NAME = "$(TARGET_NAME)";
				SWIFT_EMIT_LOC_STRINGS = YES;
				SWIFT_VERSION = 5.0;
				TARGETED_DEVICE_FAMILY = "1,2";
			};
			name = Debug;
		};
		B83BA81428DEFF430072D79A /* Release */ = {
			isa = XCBuildConfiguration;
			baseConfigurationReference = E664BD9EC5ACEE0E1D326F46 /* Pods-movie app.release.xcconfig */;
			buildSettings = {
				ASSETCATALOG_COMPILER_APPICON_NAME = AppIcon;
				ASSETCATALOG_COMPILER_GLOBAL_ACCENT_COLOR_NAME = AccentColor;
				CODE_SIGN_STYLE = Automatic;
				CURRENT_PROJECT_VERSION = 1;
				DEVELOPMENT_TEAM = DBD2357J7Z;
				GENERATE_INFOPLIST_FILE = YES;
				INFOPLIST_FILE = "movie app/Info.plist";
				INFOPLIST_KEY_UIApplicationSupportsIndirectInputEvents = YES;
				INFOPLIST_KEY_UILaunchStoryboardName = LaunchScreen;
				INFOPLIST_KEY_UIMainStoryboardFile = Main;
				INFOPLIST_KEY_UISupportedInterfaceOrientations_iPad = "UIInterfaceOrientationPortrait UIInterfaceOrientationPortraitUpsideDown UIInterfaceOrientationLandscapeLeft UIInterfaceOrientationLandscapeRight";
				INFOPLIST_KEY_UISupportedInterfaceOrientations_iPhone = "UIInterfaceOrientationPortrait UIInterfaceOrientationLandscapeLeft UIInterfaceOrientationLandscapeRight";
				LD_RUNPATH_SEARCH_PATHS = (
					"$(inherited)",
					"@executable_path/Frameworks",
				);
				MARKETING_VERSION = 1.0;
				PRODUCT_BUNDLE_IDENTIFIER = "com.bagas.movie-app";
				PRODUCT_NAME = "$(TARGET_NAME)";
				SWIFT_EMIT_LOC_STRINGS = YES;
				SWIFT_VERSION = 5.0;
				TARGETED_DEVICE_FAMILY = "1,2";
			};
			name = Release;
		};
		B83BA81628DEFF430072D79A /* Debug */ = {
			isa = XCBuildConfiguration;
			baseConfigurationReference = C5CF0C28752897E0F8D75A3F /* Pods-movie appTests.debug.xcconfig */;
			buildSettings = {
				ALWAYS_EMBED_SWIFT_STANDARD_LIBRARIES = YES;
				BUNDLE_LOADER = "$(TEST_HOST)";
				CODE_SIGN_STYLE = Automatic;
				CURRENT_PROJECT_VERSION = 1;
				DEVELOPMENT_TEAM = DBD2357J7Z;
				GENERATE_INFOPLIST_FILE = YES;
				IPHONEOS_DEPLOYMENT_TARGET = 16.0;
				MARKETING_VERSION = 1.0;
				PRODUCT_BUNDLE_IDENTIFIER = "com.bagas.movie-appTests";
				PRODUCT_NAME = "$(TARGET_NAME)";
				SWIFT_EMIT_LOC_STRINGS = NO;
				SWIFT_VERSION = 5.0;
				TARGETED_DEVICE_FAMILY = "1,2";
				TEST_HOST = "$(BUILT_PRODUCTS_DIR)/movie app.app/$(BUNDLE_EXECUTABLE_FOLDER_PATH)/movie app";
			};
			name = Debug;
		};
		B83BA81728DEFF430072D79A /* Release */ = {
			isa = XCBuildConfiguration;
			baseConfigurationReference = E3AC33D87E5A3723019DE65C /* Pods-movie appTests.release.xcconfig */;
			buildSettings = {
				ALWAYS_EMBED_SWIFT_STANDARD_LIBRARIES = YES;
				BUNDLE_LOADER = "$(TEST_HOST)";
				CODE_SIGN_STYLE = Automatic;
				CURRENT_PROJECT_VERSION = 1;
				DEVELOPMENT_TEAM = DBD2357J7Z;
				GENERATE_INFOPLIST_FILE = YES;
				IPHONEOS_DEPLOYMENT_TARGET = 16.0;
				MARKETING_VERSION = 1.0;
				PRODUCT_BUNDLE_IDENTIFIER = "com.bagas.movie-appTests";
				PRODUCT_NAME = "$(TARGET_NAME)";
				SWIFT_EMIT_LOC_STRINGS = NO;
				SWIFT_VERSION = 5.0;
				TARGETED_DEVICE_FAMILY = "1,2";
				TEST_HOST = "$(BUILT_PRODUCTS_DIR)/movie app.app/$(BUNDLE_EXECUTABLE_FOLDER_PATH)/movie app";
			};
			name = Release;
		};
		B83BA81928DEFF430072D79A /* Debug */ = {
			isa = XCBuildConfiguration;
			baseConfigurationReference = 55367FF8D5D86148E53B3A2D /* Pods-movie app-movie appUITests.debug.xcconfig */;
			buildSettings = {
				ALWAYS_EMBED_SWIFT_STANDARD_LIBRARIES = YES;
				CODE_SIGN_STYLE = Automatic;
				CURRENT_PROJECT_VERSION = 1;
				DEVELOPMENT_TEAM = DBD2357J7Z;
				GENERATE_INFOPLIST_FILE = YES;
				MARKETING_VERSION = 1.0;
				PRODUCT_BUNDLE_IDENTIFIER = "com.bagas.movie-appUITests";
				PRODUCT_NAME = "$(TARGET_NAME)";
				SWIFT_EMIT_LOC_STRINGS = NO;
				SWIFT_VERSION = 5.0;
				TARGETED_DEVICE_FAMILY = "1,2";
				TEST_TARGET_NAME = "movie app";
			};
			name = Debug;
		};
		B83BA81A28DEFF430072D79A /* Release */ = {
			isa = XCBuildConfiguration;
			baseConfigurationReference = 6E80346E547D87CAA8A0246E /* Pods-movie app-movie appUITests.release.xcconfig */;
			buildSettings = {
				ALWAYS_EMBED_SWIFT_STANDARD_LIBRARIES = YES;
				CODE_SIGN_STYLE = Automatic;
				CURRENT_PROJECT_VERSION = 1;
				DEVELOPMENT_TEAM = DBD2357J7Z;
				GENERATE_INFOPLIST_FILE = YES;
				MARKETING_VERSION = 1.0;
				PRODUCT_BUNDLE_IDENTIFIER = "com.bagas.movie-appUITests";
				PRODUCT_NAME = "$(TARGET_NAME)";
				SWIFT_EMIT_LOC_STRINGS = NO;
				SWIFT_VERSION = 5.0;
				TARGETED_DEVICE_FAMILY = "1,2";
				TEST_TARGET_NAME = "movie app";
			};
			name = Release;
		};
/* End XCBuildConfiguration section */

/* Begin XCConfigurationList section */
		B83BA7E328DEFF410072D79A /* Build configuration list for PBXProject "movie app" */ = {
			isa = XCConfigurationList;
			buildConfigurations = (
				B83BA81028DEFF430072D79A /* Debug */,
				B83BA81128DEFF430072D79A /* Release */,
			);
			defaultConfigurationIsVisible = 0;
			defaultConfigurationName = Release;
		};
		B83BA81228DEFF430072D79A /* Build configuration list for PBXNativeTarget "movie app" */ = {
			isa = XCConfigurationList;
			buildConfigurations = (
				B83BA81328DEFF430072D79A /* Debug */,
				B83BA81428DEFF430072D79A /* Release */,
			);
			defaultConfigurationIsVisible = 0;
			defaultConfigurationName = Release;
		};
		B83BA81528DEFF430072D79A /* Build configuration list for PBXNativeTarget "movie appTests" */ = {
			isa = XCConfigurationList;
			buildConfigurations = (
				B83BA81628DEFF430072D79A /* Debug */,
				B83BA81728DEFF430072D79A /* Release */,
			);
			defaultConfigurationIsVisible = 0;
			defaultConfigurationName = Release;
		};
		B83BA81828DEFF430072D79A /* Build configuration list for PBXNativeTarget "movie appUITests" */ = {
			isa = XCConfigurationList;
			buildConfigurations = (
				B83BA81928DEFF430072D79A /* Debug */,
				B83BA81A28DEFF430072D79A /* Release */,
			);
			defaultConfigurationIsVisible = 0;
			defaultConfigurationName = Release;
		};
/* End XCConfigurationList section */
	};
	rootObject = B83BA7E028DEFF410072D79A /* Project object */;
}
